
Microsoft Visual Studio Solution File, Format Version 12.00
# Visual Studio Version 16
VisualStudioVersion = 16.0.31702.278
MinimumVisualStudioVersion = 10.0.40219.1
Project("{FAE04EC0-301F-11D3-BF4B-00C04F79EFBC}") = "TicketAndVisitorMS", "TicketAndVisitorMS\TicketAndVisitorMS.csproj", "{FC17FE19-6A97-4BA4-BCB3-BA804538424C}"
EndProject
Global
	GlobalSection(SolutionConfigurationPlatforms) = preSolution
		Debug|Any CPU = Debug|Any CPU
		Release|Any CPU = Release|Any CPU
	EndGlobalSection
	GlobalSection(ProjectConfigurationPlatforms) = postSolution
		{FC17FE19-6A97-4BA4-BCB3-BA804538424C}.Debug|Any CPU.ActiveCfg = Debug|Any CPU
		{FC17FE19-6A97-4BA4-BCB3-BA804538424C}.Debug|Any CPU.Build.0 = Debug|Any CPU
		{FC17FE19-6A97-4BA4-BCB3-BA804538424C}.Release|Any CPU.ActiveCfg = Release|Any CPU
		{FC17FE19-6A97-4BA4-BCB3-BA804538424C}.Release|Any CPU.Build.0 = Release|Any CPU
	EndGlobalSection
	GlobalSection(SolutionProperties) = preSolution
		HideSolutionNode = FALSE
	EndGlobalSection
	GlobalSection(ExtensibilityGlobals) = postSolution
		SolutionGuid = {DFCF744C-E601-485C-A9CF-4A6C8B0EF8F2}
	EndGlobalSection
EndGlobal
